
Microsoft Visual Studio Solution File, Format Version 12.00
# Visual Studio Version 17
VisualStudioVersion = 17.14.36301.6
MinimumVisualStudioVersion = 10.0.40219.1
Project("{2150E333-8FDC-42A3-9474-1A3956D46DE8}") = "src", "src", "{36D591C7-65C7-A0D1-1CBC-10CDE441BDC8}"
	ProjectSection(SolutionItems) = preProject
		.gitignore = .gitignore
	EndProjectSection
EndProject
Project("{FAE04EC0-301F-11D3-BF4B-00C04F79EFBC}") = "Domain", "Domain\Domain.csproj", "{3FC15BA3-A669-4579-B73B-C268A27FE949}"
EndProject
Project("{FAE04EC0-301F-11D3-BF4B-00C04F79EFBC}") = "Application", "Application\Application.csproj", "{954FB408-7F9A-40EC-B616-11471018ED95}"
	ProjectSection(ProjectDependencies) = postProject
		{3FC15BA3-A669-4579-B73B-C268A27FE949} = {3FC15BA3-A669-4579-B73B-C268A27FE949}
	EndProjectSection
EndProject
Project("{FAE04EC0-301F-11D3-BF4B-00C04F79EFBC}") = "Infrastructure", "Infrastructure\Infrastructure.csproj", "{52ED3DDE-C6DD-4F16-BE64-0904E9FAF36D}"
EndProject
Project("{54A90642-561A-4BB1-A94E-469ADEE60C69}") = "web.client", "Web\web.client\web.client.esproj", "{86C51E2A-D809-CCC5-FBA9-FA957A113F34}"
EndProject
Project("{FAE04EC0-301F-11D3-BF4B-00C04F79EFBC}") = "Web.Server", "Web\Web.Server\Web.Server.csproj", "{17DFC4B8-1BD0-48A3-95CE-2038AA907822}"
EndProject
Global
	GlobalSection(SolutionConfigurationPlatforms) = preSolution
		Debug|Any CPU = Debug|Any CPU
		Release|Any CPU = Release|Any CPU
	EndGlobalSection
	GlobalSection(ProjectConfigurationPlatforms) = postSolution
		{3FC15BA3-A669-4579-B73B-C268A27FE949}.Debug|Any CPU.ActiveCfg = Debug|Any CPU
		{3FC15BA3-A669-4579-B73B-C268A27FE949}.Debug|Any CPU.Build.0 = Debug|Any CPU
		{3FC15BA3-A669-4579-B73B-C268A27FE949}.Release|Any CPU.ActiveCfg = Release|Any CPU
		{3FC15BA3-A669-4579-B73B-C268A27FE949}.Release|Any CPU.Build.0 = Release|Any CPU
		{954FB408-7F9A-40EC-B616-11471018ED95}.Debug|Any CPU.ActiveCfg = Debug|Any CPU
		{954FB408-7F9A-40EC-B616-11471018ED95}.Debug|Any CPU.Build.0 = Debug|Any CPU
		{954FB408-7F9A-40EC-B616-11471018ED95}.Release|Any CPU.ActiveCfg = Release|Any CPU
		{954FB408-7F9A-40EC-B616-11471018ED95}.Release|Any CPU.Build.0 = Release|Any CPU
		{52ED3DDE-C6DD-4F16-BE64-0904E9FAF36D}.Debug|Any CPU.ActiveCfg = Debug|Any CPU
		{52ED3DDE-C6DD-4F16-BE64-0904E9FAF36D}.Debug|Any CPU.Build.0 = Debug|Any CPU
		{52ED3DDE-C6DD-4F16-BE64-0904E9FAF36D}.Release|Any CPU.ActiveCfg = Release|Any CPU
		{52ED3DDE-C6DD-4F16-BE64-0904E9FAF36D}.Release|Any CPU.Build.0 = Release|Any CPU
		{86C51E2A-D809-CCC5-FBA9-FA957A113F34}.Debug|Any CPU.ActiveCfg = Debug|Any CPU
		{86C51E2A-D809-CCC5-FBA9-FA957A113F34}.Debug|Any CPU.Build.0 = Debug|Any CPU
		{86C51E2A-D809-CCC5-FBA9-FA957A113F34}.Debug|Any CPU.Deploy.0 = Debug|Any CPU
		{86C51E2A-D809-CCC5-FBA9-FA957A113F34}.Release|Any CPU.ActiveCfg = Release|Any CPU
		{86C51E2A-D809-CCC5-FBA9-FA957A113F34}.Release|Any CPU.Build.0 = Release|Any CPU
		{86C51E2A-D809-CCC5-FBA9-FA957A113F34}.Release|Any CPU.Deploy.0 = Release|Any CPU
		{17DFC4B8-1BD0-48A3-95CE-2038AA907822}.Debug|Any CPU.ActiveCfg = Debug|Any CPU
		{17DFC4B8-1BD0-48A3-95CE-2038AA907822}.Debug|Any CPU.Build.0 = Debug|Any CPU
		{17DFC4B8-1BD0-48A3-95CE-2038AA907822}.Release|Any CPU.ActiveCfg = Release|Any CPU
		{17DFC4B8-1BD0-48A3-95CE-2038AA907822}.Release|Any CPU.Build.0 = Release|Any CPU
	EndGlobalSection
	GlobalSection(SolutionProperties) = preSolution
		HideSolutionNode = FALSE
	EndGlobalSection
	GlobalSection(NestedProjects) = preSolution
		{3FC15BA3-A669-4579-B73B-C268A27FE949} = {36D591C7-65C7-A0D1-1CBC-10CDE441BDC8}
		{954FB408-7F9A-40EC-B616-11471018ED95} = {36D591C7-65C7-A0D1-1CBC-10CDE441BDC8}
		{52ED3DDE-C6DD-4F16-BE64-0904E9FAF36D} = {36D591C7-65C7-A0D1-1CBC-10CDE441BDC8}
		{86C51E2A-D809-CCC5-FBA9-FA957A113F34} = {36D591C7-65C7-A0D1-1CBC-10CDE441BDC8}
		{17DFC4B8-1BD0-48A3-95CE-2038AA907822} = {36D591C7-65C7-A0D1-1CBC-10CDE441BDC8}
	EndGlobalSection
	GlobalSection(ExtensibilityGlobals) = postSolution
		SolutionGuid = {3E38F602-61EA-42E8-9220-70AB334EB3EC}
	EndGlobalSection
EndGlobal
